
Microsoft Visual Studio Solution File, Format Version 12.00
# Visual Studio Version 17
VisualStudioVersion = 17.6.33723.286
MinimumVisualStudioVersion = 10.0.40219.1
Project("{FAE04EC0-301F-11D3-BF4B-00C04F79EFBC}") = "HwTCPListener", "HwTCPListener\HwTCPListener.csproj", "{8B0D7F78-AE54-4F0D-AF67-C5DEB2C01961}"
EndProject
Project("{FAE04EC0-301F-11D3-BF4B-00C04F79EFBC}") = "TCPClient", "TCPClient\TCPClient.csproj", "{BF408918-4A6A-499D-9CE6-5456FB160A74}"
EndProject
Global
	GlobalSection(SolutionConfigurationPlatforms) = preSolution
		Debug|Any CPU = Debug|Any CPU
		Release|Any CPU = Release|Any CPU
	EndGlobalSection
	GlobalSection(ProjectConfigurationPlatforms) = postSolution
		{8B0D7F78-AE54-4F0D-AF67-C5DEB2C01961}.Debug|Any CPU.ActiveCfg = Debug|Any CPU
		{8B0D7F78-AE54-4F0D-AF67-C5DEB2C01961}.Debug|Any CPU.Build.0 = Debug|Any CPU
		{8B0D7F78-AE54-4F0D-AF67-C5DEB2C01961}.Release|Any CPU.ActiveCfg = Release|Any CPU
		{8B0D7F78-AE54-4F0D-AF67-C5DEB2C01961}.Release|Any CPU.Build.0 = Release|Any CPU
		{BF408918-4A6A-499D-9CE6-5456FB160A74}.Debug|Any CPU.ActiveCfg = Debug|Any CPU
		{BF408918-4A6A-499D-9CE6-5456FB160A74}.Debug|Any CPU.Build.0 = Debug|Any CPU
		{BF408918-4A6A-499D-9CE6-5456FB160A74}.Release|Any CPU.ActiveCfg = Release|Any CPU
		{BF408918-4A6A-499D-9CE6-5456FB160A74}.Release|Any CPU.Build.0 = Release|Any CPU
	EndGlobalSection
	GlobalSection(SolutionProperties) = preSolution
		HideSolutionNode = FALSE
	EndGlobalSection
	GlobalSection(ExtensibilityGlobals) = postSolution
		SolutionGuid = {7ED71DCF-02BE-4B22-A7B7-45B919BBD592}
	EndGlobalSection
EndGlobal
